// !$*UTF8*$!
{
	archiveVersion = 1;
	classes = {
	};
	objectVersion = 56;
	objects = {

/* Begin PBXBuildFile section */
		0B20DB822B0BC0A6007D3DD8 /* WidgetBundle.swift in Sources */ = {isa = PBXBuildFile; fileRef = 0B20DB812B0BC0A6007D3DD8 /* WidgetBundle.swift */; };
		0B20DB842B0BC35B007D3DD8 /* SingleRepoWidget.swift in Sources */ = {isa = PBXBuildFile; fileRef = 0B20DB832B0BC35B007D3DD8 /* SingleRepoWidget.swift */; };
		0B20DB862B0BCD1E007D3DD8 /* ContributorMediumView.swift in Sources */ = {isa = PBXBuildFile; fileRef = 0B20DB852B0BCD1E007D3DD8 /* ContributorMediumView.swift */; };
		0B20DB882B0BDBFA007D3DD8 /* Contributor.swift in Sources */ = {isa = PBXBuildFile; fileRef = 0B20DB872B0BDBFA007D3DD8 /* Contributor.swift */; };
		0B20DB892B0BDBFA007D3DD8 /* Contributor.swift in Sources */ = {isa = PBXBuildFile; fileRef = 0B20DB872B0BDBFA007D3DD8 /* Contributor.swift */; };
		0B888DA42B0A345C00672CC2 /* RepoWatcherApp.swift in Sources */ = {isa = PBXBuildFile; fileRef = 0B888DA32B0A345C00672CC2 /* RepoWatcherApp.swift */; };
		0B888DA62B0A345C00672CC2 /* ContentView.swift in Sources */ = {isa = PBXBuildFile; fileRef = 0B888DA52B0A345C00672CC2 /* ContentView.swift */; };
		0B888DA82B0A345D00672CC2 /* Assets.xcassets in Resources */ = {isa = PBXBuildFile; fileRef = 0B888DA72B0A345D00672CC2 /* Assets.xcassets */; };
		0B888DAB2B0A345D00672CC2 /* Preview Assets.xcassets in Resources */ = {isa = PBXBuildFile; fileRef = 0B888DAA2B0A345D00672CC2 /* Preview Assets.xcassets */; };
		0B888DB82B0A348C00672CC2 /* WidgetKit.framework in Frameworks */ = {isa = PBXBuildFile; fileRef = 0B888DB72B0A348C00672CC2 /* WidgetKit.framework */; };
		0B888DBA2B0A348C00672CC2 /* SwiftUI.framework in Frameworks */ = {isa = PBXBuildFile; fileRef = 0B888DB92B0A348C00672CC2 /* SwiftUI.framework */; };
		0B888DBF2B0A348C00672CC2 /* DoubleRepoWidget.swift in Sources */ = {isa = PBXBuildFile; fileRef = 0B888DBE2B0A348C00672CC2 /* DoubleRepoWidget.swift */; };
		0B888DC12B0A348D00672CC2 /* Assets.xcassets in Resources */ = {isa = PBXBuildFile; fileRef = 0B888DC02B0A348D00672CC2 /* Assets.xcassets */; };
		0B888DC52B0A348D00672CC2 /* RepoWatcherWidgetExtension.appex in Embed Foundation Extensions */ = {isa = PBXBuildFile; fileRef = 0B888DB52B0A348C00672CC2 /* RepoWatcherWidgetExtension.appex */; settings = {ATTRIBUTES = (RemoveHeadersOnCopy, ); }; };
		0B888DCB2B0A39CB00672CC2 /* Repository.swift in Sources */ = {isa = PBXBuildFile; fileRef = 0B888DCA2B0A39CB00672CC2 /* Repository.swift */; };
		0B888DCD2B0A3C8B00672CC2 /* Repository.swift in Sources */ = {isa = PBXBuildFile; fileRef = 0B888DCA2B0A39CB00672CC2 /* Repository.swift */; };
		0B888DCF2B0A42BB00672CC2 /* NetworkManager.swift in Sources */ = {isa = PBXBuildFile; fileRef = 0B888DCE2B0A42BB00672CC2 /* NetworkManager.swift */; };
		0B888DD02B0A42BB00672CC2 /* NetworkManager.swift in Sources */ = {isa = PBXBuildFile; fileRef = 0B888DCE2B0A42BB00672CC2 /* NetworkManager.swift */; };
		0B888DD52B0A5E9B00672CC2 /* RepoMediumView.swift in Sources */ = {isa = PBXBuildFile; fileRef = 0B888DD42B0A5E9B00672CC2 /* RepoMediumView.swift */; };
		0B888DD92B0A6DB200672CC2 /* MockData.swift in Sources */ = {isa = PBXBuildFile; fileRef = 0B888DD82B0A6DB200672CC2 /* MockData.swift */; };
		0B9CD2442B0E728200B89D83 /* UserDefaults+Ext.swift in Sources */ = {isa = PBXBuildFile; fileRef = 0B9CD2432B0E728200B89D83 /* UserDefaults+Ext.swift */; };
/* End PBXBuildFile section */

/* Begin PBXContainerItemProxy section */
		0B888DC32B0A348D00672CC2 /* PBXContainerItemProxy */ = {
			isa = PBXContainerItemProxy;
			containerPortal = 0B888D982B0A345C00672CC2 /* Project object */;
			proxyType = 1;
			remoteGlobalIDString = 0B888DB42B0A348C00672CC2;
			remoteInfo = RepoWatcherWidgetExtension;
		};
/* End PBXContainerItemProxy section */

/* Begin PBXCopyFilesBuildPhase section */
		0B888DC92B0A348D00672CC2 /* Embed Foundation Extensions */ = {
			isa = PBXCopyFilesBuildPhase;
			buildActionMask = 2147483647;
			dstPath = "";
			dstSubfolderSpec = 13;
			files = (
				0B888DC52B0A348D00672CC2 /* RepoWatcherWidgetExtension.appex in Embed Foundation Extensions */,
			);
			name = "Embed Foundation Extensions";
			runOnlyForDeploymentPostprocessing = 0;
		};
/* End PBXCopyFilesBuildPhase section */

/* Begin PBXFileReference section */
		0B20DB812B0BC0A6007D3DD8 /* WidgetBundle.swift */ = {isa = PBXFileReference; lastKnownFileType = sourcecode.swift; path = WidgetBundle.swift; sourceTree = "<group>"; };
		0B20DB832B0BC35B007D3DD8 /* SingleRepoWidget.swift */ = {isa = PBXFileReference; lastKnownFileType = sourcecode.swift; path = SingleRepoWidget.swift; sourceTree = "<group>"; };
		0B20DB852B0BCD1E007D3DD8 /* ContributorMediumView.swift */ = {isa = PBXFileReference; lastKnownFileType = sourcecode.swift; path = ContributorMediumView.swift; sourceTree = "<group>"; };
		0B20DB872B0BDBFA007D3DD8 /* Contributor.swift */ = {isa = PBXFileReference; lastKnownFileType = sourcecode.swift; path = Contributor.swift; sourceTree = "<group>"; };
		0B888DA02B0A345C00672CC2 /* RepoWatcher.app */ = {isa = PBXFileReference; explicitFileType = wrapper.application; includeInIndex = 0; path = RepoWatcher.app; sourceTree = BUILT_PRODUCTS_DIR; };
		0B888DA32B0A345C00672CC2 /* RepoWatcherApp.swift */ = {isa = PBXFileReference; lastKnownFileType = sourcecode.swift; path = RepoWatcherApp.swift; sourceTree = "<group>"; };
		0B888DA52B0A345C00672CC2 /* ContentView.swift */ = {isa = PBXFileReference; lastKnownFileType = sourcecode.swift; path = ContentView.swift; sourceTree = "<group>"; };
		0B888DA72B0A345D00672CC2 /* Assets.xcassets */ = {isa = PBXFileReference; lastKnownFileType = folder.assetcatalog; path = Assets.xcassets; sourceTree = "<group>"; };
		0B888DAA2B0A345D00672CC2 /* Preview Assets.xcassets */ = {isa = PBXFileReference; lastKnownFileType = folder.assetcatalog; path = "Preview Assets.xcassets"; sourceTree = "<group>"; };
		0B888DB52B0A348C00672CC2 /* RepoWatcherWidgetExtension.appex */ = {isa = PBXFileReference; explicitFileType = "wrapper.app-extension"; includeInIndex = 0; path = RepoWatcherWidgetExtension.appex; sourceTree = BUILT_PRODUCTS_DIR; };
		0B888DB72B0A348C00672CC2 /* WidgetKit.framework */ = {isa = PBXFileReference; lastKnownFileType = wrapper.framework; name = WidgetKit.framework; path = System/Library/Frameworks/WidgetKit.framework; sourceTree = SDKROOT; };
		0B888DB92B0A348C00672CC2 /* SwiftUI.framework */ = {isa = PBXFileReference; lastKnownFileType = wrapper.framework; name = SwiftUI.framework; path = System/Library/Frameworks/SwiftUI.framework; sourceTree = SDKROOT; };
		0B888DBE2B0A348C00672CC2 /* DoubleRepoWidget.swift */ = {isa = PBXFileReference; lastKnownFileType = sourcecode.swift; path = DoubleRepoWidget.swift; sourceTree = "<group>"; };
		0B888DC02B0A348D00672CC2 /* Assets.xcassets */ = {isa = PBXFileReference; lastKnownFileType = folder.assetcatalog; path = Assets.xcassets; sourceTree = "<group>"; };
		0B888DC22B0A348D00672CC2 /* Info.plist */ = {isa = PBXFileReference; lastKnownFileType = text.plist.xml; path = Info.plist; sourceTree = "<group>"; };
		0B888DCA2B0A39CB00672CC2 /* Repository.swift */ = {isa = PBXFileReference; lastKnownFileType = sourcecode.swift; path = Repository.swift; sourceTree = "<group>"; };
		0B888DCE2B0A42BB00672CC2 /* NetworkManager.swift */ = {isa = PBXFileReference; lastKnownFileType = sourcecode.swift; path = NetworkManager.swift; sourceTree = "<group>"; };
		0B888DD42B0A5E9B00672CC2 /* RepoMediumView.swift */ = {isa = PBXFileReference; lastKnownFileType = sourcecode.swift; path = RepoMediumView.swift; sourceTree = "<group>"; };
		0B888DD82B0A6DB200672CC2 /* MockData.swift */ = {isa = PBXFileReference; lastKnownFileType = sourcecode.swift; path = MockData.swift; sourceTree = "<group>"; };
		0B9CD2422B0E71D800B89D83 /* RepoWatcher.entitlements */ = {isa = PBXFileReference; lastKnownFileType = text.plist.entitlements; path = RepoWatcher.entitlements; sourceTree = "<group>"; };
		0B9CD2432B0E728200B89D83 /* UserDefaults+Ext.swift */ = {isa = PBXFileReference; lastKnownFileType = sourcecode.swift; path = "UserDefaults+Ext.swift"; sourceTree = "<group>"; };
/* End PBXFileReference section */

/* Begin PBXFrameworksBuildPhase section */
		0B888D9D2B0A345C00672CC2 /* Frameworks */ = {
			isa = PBXFrameworksBuildPhase;
			buildActionMask = 2147483647;
			files = (
			);
			runOnlyForDeploymentPostprocessing = 0;
		};
		0B888DB22B0A348C00672CC2 /* Frameworks */ = {
			isa = PBXFrameworksBuildPhase;
			buildActionMask = 2147483647;
			files = (
				0B888DBA2B0A348C00672CC2 /* SwiftUI.framework in Frameworks */,
				0B888DB82B0A348C00672CC2 /* WidgetKit.framework in Frameworks */,
			);
			runOnlyForDeploymentPostprocessing = 0;
		};
/* End PBXFrameworksBuildPhase section */

/* Begin PBXGroup section */
		0B20DB8A2B0BE833007D3DD8 /* Views */ = {
			isa = PBXGroup;
			children = (
				0B888DD42B0A5E9B00672CC2 /* RepoMediumView.swift */,
				0B20DB852B0BCD1E007D3DD8 /* ContributorMediumView.swift */,
			);
			path = Views;
			sourceTree = "<group>";
		};
		0B20DB8B2B0BE845007D3DD8 /* Widgets */ = {
			isa = PBXGroup;
			children = (
				0B20DB832B0BC35B007D3DD8 /* SingleRepoWidget.swift */,
				0B888DBE2B0A348C00672CC2 /* DoubleRepoWidget.swift */,
			);
			path = Widgets;
			sourceTree = "<group>";
		};
		0B888D972B0A345C00672CC2 = {
			isa = PBXGroup;
			children = (
				0B888DA22B0A345C00672CC2 /* RepoWatcher */,
				0B888DBB2B0A348C00672CC2 /* RepoWatcherWidget */,
				0B888DB62B0A348C00672CC2 /* Frameworks */,
				0B888DA12B0A345C00672CC2 /* Products */,
			);
			sourceTree = "<group>";
		};
		0B888DA12B0A345C00672CC2 /* Products */ = {
			isa = PBXGroup;
			children = (
				0B888DA02B0A345C00672CC2 /* RepoWatcher.app */,
				0B888DB52B0A348C00672CC2 /* RepoWatcherWidgetExtension.appex */,
			);
			name = Products;
			sourceTree = "<group>";
		};
		0B888DA22B0A345C00672CC2 /* RepoWatcher */ = {
			isa = PBXGroup;
			children = (
				0B9CD2422B0E71D800B89D83 /* RepoWatcher.entitlements */,
				0B888DA32B0A345C00672CC2 /* RepoWatcherApp.swift */,
				0B888DA52B0A345C00672CC2 /* ContentView.swift */,
				0B9CD2432B0E728200B89D83 /* UserDefaults+Ext.swift */,
				0B888DCA2B0A39CB00672CC2 /* Repository.swift */,
				0B20DB872B0BDBFA007D3DD8 /* Contributor.swift */,
				0B888DCE2B0A42BB00672CC2 /* NetworkManager.swift */,
				0B888DA72B0A345D00672CC2 /* Assets.xcassets */,
				0B888DA92B0A345D00672CC2 /* Preview Content */,
			);
			path = RepoWatcher;
			sourceTree = "<group>";
		};
		0B888DA92B0A345D00672CC2 /* Preview Content */ = {
			isa = PBXGroup;
			children = (
				0B888DAA2B0A345D00672CC2 /* Preview Assets.xcassets */,
			);
			path = "Preview Content";
			sourceTree = "<group>";
		};
		0B888DB62B0A348C00672CC2 /* Frameworks */ = {
			isa = PBXGroup;
			children = (
				0B888DB72B0A348C00672CC2 /* WidgetKit.framework */,
				0B888DB92B0A348C00672CC2 /* SwiftUI.framework */,
			);
			name = Frameworks;
			sourceTree = "<group>";
		};
		0B888DBB2B0A348C00672CC2 /* RepoWatcherWidget */ = {
			isa = PBXGroup;
			children = (
				0B20DB812B0BC0A6007D3DD8 /* WidgetBundle.swift */,
				0B888DD82B0A6DB200672CC2 /* MockData.swift */,
				0B20DB8B2B0BE845007D3DD8 /* Widgets */,
				0B20DB8A2B0BE833007D3DD8 /* Views */,
				0B888DC02B0A348D00672CC2 /* Assets.xcassets */,
				0B888DC22B0A348D00672CC2 /* Info.plist */,
			);
			path = RepoWatcherWidget;
			sourceTree = "<group>";
		};
/* End PBXGroup section */

/* Begin PBXNativeTarget section */
		0B888D9F2B0A345C00672CC2 /* RepoWatcher */ = {
			isa = PBXNativeTarget;
			buildConfigurationList = 0B888DAE2B0A345D00672CC2 /* Build configuration list for PBXNativeTarget "RepoWatcher" */;
			buildPhases = (
				0B888D9C2B0A345C00672CC2 /* Sources */,
				0B888D9D2B0A345C00672CC2 /* Frameworks */,
				0B888D9E2B0A345C00672CC2 /* Resources */,
				0B888DC92B0A348D00672CC2 /* Embed Foundation Extensions */,
			);
			buildRules = (
			);
			dependencies = (
				0B888DC42B0A348D00672CC2 /* PBXTargetDependency */,
			);
			name = RepoWatcher;
			productName = RepoWatcher;
			productReference = 0B888DA02B0A345C00672CC2 /* RepoWatcher.app */;
			productType = "com.apple.product-type.application";
		};
		0B888DB42B0A348C00672CC2 /* RepoWatcherWidgetExtension */ = {
			isa = PBXNativeTarget;
			buildConfigurationList = 0B888DC62B0A348D00672CC2 /* Build configuration list for PBXNativeTarget "RepoWatcherWidgetExtension" */;
			buildPhases = (
				0B888DB12B0A348C00672CC2 /* Sources */,
				0B888DB22B0A348C00672CC2 /* Frameworks */,
				0B888DB32B0A348C00672CC2 /* Resources */,
			);
			buildRules = (
			);
			dependencies = (
			);
			name = RepoWatcherWidgetExtension;
			productName = RepoWatcherWidgetExtension;
			productReference = 0B888DB52B0A348C00672CC2 /* RepoWatcherWidgetExtension.appex */;
			productType = "com.apple.product-type.app-extension";
		};
/* End PBXNativeTarget section */

/* Begin PBXProject section */
		0B888D982B0A345C00672CC2 /* Project object */ = {
			isa = PBXProject;
			attributes = {
				BuildIndependentTargetsInParallel = 1;
				LastSwiftUpdateCheck = 1500;
				LastUpgradeCheck = 1500;
				TargetAttributes = {
					0B888D9F2B0A345C00672CC2 = {
						CreatedOnToolsVersion = 15.0.1;
					};
					0B888DB42B0A348C00672CC2 = {
						CreatedOnToolsVersion = 15.0.1;
					};
				};
			};
			buildConfigurationList = 0B888D9B2B0A345C00672CC2 /* Build configuration list for PBXProject "RepoWatcher" */;
			compatibilityVersion = "Xcode 14.0";
			developmentRegion = en;
			hasScannedForEncodings = 0;
			knownRegions = (
				en,
				Base,
			);
			mainGroup = 0B888D972B0A345C00672CC2;
			productRefGroup = 0B888DA12B0A345C00672CC2 /* Products */;
			projectDirPath = "";
			projectRoot = "";
			targets = (
				0B888D9F2B0A345C00672CC2 /* RepoWatcher */,
				0B888DB42B0A348C00672CC2 /* RepoWatcherWidgetExtension */,
			);
		};
/* End PBXProject section */

/* Begin PBXResourcesBuildPhase section */
		0B888D9E2B0A345C00672CC2 /* Resources */ = {
			isa = PBXResourcesBuildPhase;
			buildActionMask = 2147483647;
			files = (
				0B888DAB2B0A345D00672CC2 /* Preview Assets.xcassets in Resources */,
				0B888DA82B0A345D00672CC2 /* Assets.xcassets in Resources */,
			);
			runOnlyForDeploymentPostprocessing = 0;
		};
		0B888DB32B0A348C00672CC2 /* Resources */ = {
			isa = PBXResourcesBuildPhase;
			buildActionMask = 2147483647;
			files = (
				0B888DC12B0A348D00672CC2 /* Assets.xcassets in Resources */,
			);
			runOnlyForDeploymentPostprocessing = 0;
		};
/* End PBXResourcesBuildPhase section */

/* Begin PBXSourcesBuildPhase section */
		0B888D9C2B0A345C00672CC2 /* Sources */ = {
			isa = PBXSourcesBuildPhase;
			buildActionMask = 2147483647;
			files = (
				0B888DCF2B0A42BB00672CC2 /* NetworkManager.swift in Sources */,
				0B20DB882B0BDBFA007D3DD8 /* Contributor.swift in Sources */,
				0B9CD2442B0E728200B89D83 /* UserDefaults+Ext.swift in Sources */,
				0B888DA62B0A345C00672CC2 /* ContentView.swift in Sources */,
				0B888DA42B0A345C00672CC2 /* RepoWatcherApp.swift in Sources */,
				0B888DCB2B0A39CB00672CC2 /* Repository.swift in Sources */,
			);
			runOnlyForDeploymentPostprocessing = 0;
		};
		0B888DB12B0A348C00672CC2 /* Sources */ = {
			isa = PBXSourcesBuildPhase;
			buildActionMask = 2147483647;
			files = (
				0B20DB842B0BC35B007D3DD8 /* SingleRepoWidget.swift in Sources */,
				0B20DB892B0BDBFA007D3DD8 /* Contributor.swift in Sources */,
				0B888DD02B0A42BB00672CC2 /* NetworkManager.swift in Sources */,
				0B888DD92B0A6DB200672CC2 /* MockData.swift in Sources */,
				0B888DD52B0A5E9B00672CC2 /* RepoMediumView.swift in Sources */,
				0B888DBF2B0A348C00672CC2 /* DoubleRepoWidget.swift in Sources */,
				0B20DB862B0BCD1E007D3DD8 /* ContributorMediumView.swift in Sources */,
				0B20DB822B0BC0A6007D3DD8 /* WidgetBundle.swift in Sources */,
				0B888DCD2B0A3C8B00672CC2 /* Repository.swift in Sources */,
			);
			runOnlyForDeploymentPostprocessing = 0;
		};
/* End PBXSourcesBuildPhase section */

/* Begin PBXTargetDependency section */
		0B888DC42B0A348D00672CC2 /* PBXTargetDependency */ = {
			isa = PBXTargetDependency;
			target = 0B888DB42B0A348C00672CC2 /* RepoWatcherWidgetExtension */;
			targetProxy = 0B888DC32B0A348D00672CC2 /* PBXContainerItemProxy */;
		};
/* End PBXTargetDependency section */

/* Begin XCBuildConfiguration section */
		0B888DAC2B0A345D00672CC2 /* Debug */ = {
			isa = XCBuildConfiguration;
			buildSettings = {
				ALWAYS_SEARCH_USER_PATHS = NO;
				ASSETCATALOG_COMPILER_GENERATE_SWIFT_ASSET_SYMBOL_EXTENSIONS = YES;
				CLANG_ANALYZER_NONNULL = YES;
				CLANG_ANALYZER_NUMBER_OBJECT_CONVERSION = YES_AGGRESSIVE;
				CLANG_CXX_LANGUAGE_STANDARD = "gnu++20";
				CLANG_ENABLE_MODULES = YES;
				CLANG_ENABLE_OBJC_ARC = YES;
				CLANG_ENABLE_OBJC_WEAK = YES;
				CLANG_WARN_BLOCK_CAPTURE_AUTORELEASING = YES;
				CLANG_WARN_BOOL_CONVERSION = YES;
				CLANG_WARN_COMMA = YES;
				CLANG_WARN_CONSTANT_CONVERSION = YES;
				CLANG_WARN_DEPRECATED_OBJC_IMPLEMENTATIONS = YES;
				CLANG_WARN_DIRECT_OBJC_ISA_USAGE = YES_ERROR;
				CLANG_WARN_DOCUMENTATION_COMMENTS = YES;
				CLANG_WARN_EMPTY_BODY = YES;
				CLANG_WARN_ENUM_CONVERSION = YES;
				CLANG_WARN_INFINITE_RECURSION = YES;
				CLANG_WARN_INT_CONVERSION = YES;
				CLANG_WARN_NON_LITERAL_NULL_CONVERSION = YES;
				CLANG_WARN_OBJC_IMPLICIT_RETAIN_SELF = YES;
				CLANG_WARN_OBJC_LITERAL_CONVERSION = YES;
				CLANG_WARN_OBJC_ROOT_CLASS = YES_ERROR;
				CLANG_WARN_QUOTED_INCLUDE_IN_FRAMEWORK_HEADER = YES;
				CLANG_WARN_RANGE_LOOP_ANALYSIS = YES;
				CLANG_WARN_STRICT_PROTOTYPES = YES;
				CLANG_WARN_SUSPICIOUS_MOVE = YES;
				CLANG_WARN_UNGUARDED_AVAILABILITY = YES_AGGRESSIVE;
				CLANG_WARN_UNREACHABLE_CODE = YES;
				CLANG_WARN__DUPLICATE_METHOD_MATCH = YES;
				COPY_PHASE_STRIP = NO;
				DEBUG_INFORMATION_FORMAT = dwarf;
				ENABLE_STRICT_OBJC_MSGSEND = YES;
				ENABLE_TESTABILITY = YES;
				ENABLE_USER_SCRIPT_SANDBOXING = YES;
				GCC_C_LANGUAGE_STANDARD = gnu17;
				GCC_DYNAMIC_NO_PIC = NO;
				GCC_NO_COMMON_BLOCKS = YES;
				GCC_OPTIMIZATION_LEVEL = 0;
				GCC_PREPROCESSOR_DEFINITIONS = (
					"DEBUG=1",
					"$(inherited)",
				);
				GCC_WARN_64_TO_32_BIT_CONVERSION = YES;
				GCC_WARN_ABOUT_RETURN_TYPE = YES_ERROR;
				GCC_WARN_UNDECLARED_SELECTOR = YES;
				GCC_WARN_UNINITIALIZED_AUTOS = YES_AGGRESSIVE;
				GCC_WARN_UNUSED_FUNCTION = YES;
				GCC_WARN_UNUSED_VARIABLE = YES;
				IPHONEOS_DEPLOYMENT_TARGET = 17.0;
				LOCALIZATION_PREFERS_STRING_CATALOGS = YES;
				MTL_ENABLE_DEBUG_INFO = INCLUDE_SOURCE;
				MTL_FAST_MATH = YES;
				ONLY_ACTIVE_ARCH = YES;
				SDKROOT = iphoneos;
				SWIFT_ACTIVE_COMPILATION_CONDITIONS = "DEBUG $(inherited)";
				SWIFT_OPTIMIZATION_LEVEL = "-Onone";
			};
			name = Debug;
		};
		0B888DAD2B0A345D00672CC2 /* Release */ = {
			isa = XCBuildConfiguration;
			buildSettings = {
				ALWAYS_SEARCH_USER_PATHS = NO;
				ASSETCATALOG_COMPILER_GENERATE_SWIFT_ASSET_SYMBOL_EXTENSIONS = YES;
				CLANG_ANALYZER_NONNULL = YES;
				CLANG_ANALYZER_NUMBER_OBJECT_CONVERSION = YES_AGGRESSIVE;
				CLANG_CXX_LANGUAGE_STANDARD = "gnu++20";
				CLANG_ENABLE_MODULES = YES;
				CLANG_ENABLE_OBJC_ARC = YES;
				CLANG_ENABLE_OBJC_WEAK = YES;
				CLANG_WARN_BLOCK_CAPTURE_AUTORELEASING = YES;
				CLANG_WARN_BOOL_CONVERSION = YES;
				CLANG_WARN_COMMA = YES;
				CLANG_WARN_CONSTANT_CONVERSION = YES;
				CLANG_WARN_DEPRECATED_OBJC_IMPLEMENTATIONS = YES;
				CLANG_WARN_DIRECT_OBJC_ISA_USAGE = YES_ERROR;
				CLANG_WARN_DOCUMENTATION_COMMENTS = YES;
				CLANG_WARN_EMPTY_BODY = YES;
				CLANG_WARN_ENUM_CONVERSION = YES;
				CLANG_WARN_INFINITE_RECURSION = YES;
				CLANG_WARN_INT_CONVERSION = YES;
				CLANG_WARN_NON_LITERAL_NULL_CONVERSION = YES;
				CLANG_WARN_OBJC_IMPLICIT_RETAIN_SELF = YES;
				CLANG_WARN_OBJC_LITERAL_CONVERSION = YES;
				CLANG_WARN_OBJC_ROOT_CLASS = YES_ERROR;
				CLANG_WARN_QUOTED_INCLUDE_IN_FRAMEWORK_HEADER = YES;
				CLANG_WARN_RANGE_LOOP_ANALYSIS = YES;
				CLANG_WARN_STRICT_PROTOTYPES = YES;
				CLANG_WARN_SUSPICIOUS_MOVE = YES;
				CLANG_WARN_UNGUARDED_AVAILABILITY = YES_AGGRESSIVE;
				CLANG_WARN_UNREACHABLE_CODE = YES;
				CLANG_WARN__DUPLICATE_METHOD_MATCH = YES;
				COPY_PHASE_STRIP = NO;
				DEBUG_INFORMATION_FORMAT = "dwarf-with-dsym";
				ENABLE_NS_ASSERTIONS = NO;
				ENABLE_STRICT_OBJC_MSGSEND = YES;
				ENABLE_USER_SCRIPT_SANDBOXING = YES;
				GCC_C_LANGUAGE_STANDARD = gnu17;
				GCC_NO_COMMON_BLOCKS = YES;
				GCC_WARN_64_TO_32_BIT_CONVERSION = YES;
				GCC_WARN_ABOUT_RETURN_TYPE = YES_ERROR;
				GCC_WARN_UNDECLARED_SELECTOR = YES;
				GCC_WARN_UNINITIALIZED_AUTOS = YES_AGGRESSIVE;
				GCC_WARN_UNUSED_FUNCTION = YES;
				GCC_WARN_UNUSED_VARIABLE = YES;
				IPHONEOS_DEPLOYMENT_TARGET = 17.0;
				LOCALIZATION_PREFERS_STRING_CATALOGS = YES;
				MTL_ENABLE_DEBUG_INFO = NO;
				MTL_FAST_MATH = YES;
				SDKROOT = iphoneos;
				SWIFT_COMPILATION_MODE = wholemodule;
				VALIDATE_PRODUCT = YES;
			};
			name = Release;
		};
		0B888DAF2B0A345D00672CC2 /* Debug */ = {
			isa = XCBuildConfiguration;
			buildSettings = {
				ALWAYS_EMBED_SWIFT_STANDARD_LIBRARIES = YES;
				ASSETCATALOG_COMPILER_APPICON_NAME = AppIcon;
				ASSETCATALOG_COMPILER_GLOBAL_ACCENT_COLOR_NAME = AccentColor;
				CODE_SIGN_ENTITLEMENTS = RepoWatcher/RepoWatcher.entitlements;
				CODE_SIGN_STYLE = Automatic;
				CURRENT_PROJECT_VERSION = 1;
				DEVELOPMENT_ASSET_PATHS = "\"RepoWatcher/Preview Content\"";
				DEVELOPMENT_TEAM = Y43668Q2S4;
				ENABLE_PREVIEWS = YES;
				GENERATE_INFOPLIST_FILE = YES;
				INFOPLIST_KEY_UIApplicationSceneManifest_Generation = YES;
				INFOPLIST_KEY_UIApplicationSupportsIndirectInputEvents = YES;
				INFOPLIST_KEY_UILaunchScreen_Generation = YES;
				INFOPLIST_KEY_UISupportedInterfaceOrientations_iPad = "UIInterfaceOrientationPortrait UIInterfaceOrientationPortraitUpsideDown UIInterfaceOrientationLandscapeLeft UIInterfaceOrientationLandscapeRight";
				INFOPLIST_KEY_UISupportedInterfaceOrientations_iPhone = "UIInterfaceOrientationPortrait UIInterfaceOrientationLandscapeLeft UIInterfaceOrientationLandscapeRight";
				LD_RUNPATH_SEARCH_PATHS = (
					"$(inherited)",
					"@executable_path/Frameworks",
				);
				MARKETING_VERSION = 1.0;
				PRODUCT_BUNDLE_IDENTIFIER = ru.igorcodes.RepoWatcher;
				PRODUCT_NAME = "$(TARGET_NAME)";
				SWIFT_EMIT_LOC_STRINGS = YES;
				SWIFT_VERSION = 5.0;
				TARGETED_DEVICE_FAMILY = "1,2";
			};
			name = Debug;
		};
		0B888DB02B0A345D00672CC2 /* Release */ = {
			isa = XCBuildConfiguration;
			buildSettings = {
				ALWAYS_EMBED_SWIFT_STANDARD_LIBRARIES = YES;
				ASSETCATALOG_COMPILER_APPICON_NAME = AppIcon;
				ASSETCATALOG_COMPILER_GLOBAL_ACCENT_COLOR_NAME = AccentColor;
				CODE_SIGN_ENTITLEMENTS = RepoWatcher/RepoWatcher.entitlements;
				CODE_SIGN_STYLE = Automatic;
				CURRENT_PROJECT_VERSION = 1;
				DEVELOPMENT_ASSET_PATHS = "\"RepoWatcher/Preview Content\"";
				DEVELOPMENT_TEAM = Y43668Q2S4;
				ENABLE_PREVIEWS = YES;
				GENERATE_INFOPLIST_FILE = YES;
				INFOPLIST_KEY_UIApplicationSceneManifest_Generation = YES;
				INFOPLIST_KEY_UIApplicationSupportsIndirectInputEvents = YES;
				INFOPLIST_KEY_UILaunchScreen_Generation = YES;
				INFOPLIST_KEY_UISupportedInterfaceOrientations_iPad = "UIInterfaceOrientationPortrait UIInterfaceOrientationPortraitUpsideDown UIInterfaceOrientationLandscapeLeft UIInterfaceOrientationLandscapeRight";
				INFOPLIST_KEY_UISupportedInterfaceOrientations_iPhone = "UIInterfaceOrientationPortrait UIInterfaceOrientationLandscapeLeft UIInterfaceOrientationLandscapeRight";
				LD_RUNPATH_SEARCH_PATHS = (
					"$(inherited)",
					"@executable_path/Frameworks",
				);
				MARKETING_VERSION = 1.0;
				PRODUCT_BUNDLE_IDENTIFIER = ru.igorcodes.RepoWatcher;
				PRODUCT_NAME = "$(TARGET_NAME)";
				SWIFT_EMIT_LOC_STRINGS = YES;
				SWIFT_VERSION = 5.0;
				TARGETED_DEVICE_FAMILY = "1,2";
			};
			name = Release;
		};
		0B888DC72B0A348D00672CC2 /* Debug */ = {
			isa = XCBuildConfiguration;
			buildSettings = {
				ASSETCATALOG_COMPILER_GLOBAL_ACCENT_COLOR_NAME = AccentColor;
				ASSETCATALOG_COMPILER_WIDGET_BACKGROUND_COLOR_NAME = WidgetBackground;
				CODE_SIGN_STYLE = Automatic;
				CURRENT_PROJECT_VERSION = 1;
				DEVELOPMENT_TEAM = Y43668Q2S4;
				GENERATE_INFOPLIST_FILE = YES;
				INFOPLIST_FILE = RepoWatcherWidget/Info.plist;
				INFOPLIST_KEY_CFBundleDisplayName = RepoWatcherWidget;
				INFOPLIST_KEY_NSHumanReadableCopyright = "";
				LD_RUNPATH_SEARCH_PATHS = (
					"$(inherited)",
					"@executable_path/Frameworks",
					"@executable_path/../../Frameworks",
				);
				MARKETING_VERSION = 1.0;
				PRODUCT_BUNDLE_IDENTIFIER = ru.igorcodes.RepoWatcher.RepoWatcherWidget;
				PRODUCT_NAME = "$(TARGET_NAME)";
				SKIP_INSTALL = YES;
				SWIFT_EMIT_LOC_STRINGS = YES;
				SWIFT_VERSION = 5.0;
				TARGETED_DEVICE_FAMILY = "1,2";
			};
			name = Debug;
		};
		0B888DC82B0A348D00672CC2 /* Release */ = {
			isa = XCBuildConfiguration;
			buildSettings = {
				ASSETCATALOG_COMPILER_GLOBAL_ACCENT_COLOR_NAME = AccentColor;
				ASSETCATALOG_COMPILER_WIDGET_BACKGROUND_COLOR_NAME = WidgetBackground;
				CODE_SIGN_STYLE = Automatic;
				CURRENT_PROJECT_VERSION = 1;
				DEVELOPMENT_TEAM = Y43668Q2S4;
				GENERATE_INFOPLIST_FILE = YES;
				INFOPLIST_FILE = RepoWatcherWidget/Info.plist;
				INFOPLIST_KEY_CFBundleDisplayName = RepoWatcherWidget;
				INFOPLIST_KEY_NSHumanReadableCopyright = "";
				LD_RUNPATH_SEARCH_PATHS = (
					"$(inherited)",
					"@executable_path/Frameworks",
					"@executable_path/../../Frameworks",
				);
				MARKETING_VERSION = 1.0;
				PRODUCT_BUNDLE_IDENTIFIER = ru.igorcodes.RepoWatcher.RepoWatcherWidget;
				PRODUCT_NAME = "$(TARGET_NAME)";
				SKIP_INSTALL = YES;
				SWIFT_EMIT_LOC_STRINGS = YES;
				SWIFT_VERSION = 5.0;
				TARGETED_DEVICE_FAMILY = "1,2";
			};
			name = Release;
		};
/* End XCBuildConfiguration section */

/* Begin XCConfigurationList section */
		0B888D9B2B0A345C00672CC2 /* Build configuration list for PBXProject "RepoWatcher" */ = {
			isa = XCConfigurationList;
			buildConfigurations = (
				0B888DAC2B0A345D00672CC2 /* Debug */,
				0B888DAD2B0A345D00672CC2 /* Release */,
			);
			defaultConfigurationIsVisible = 0;
			defaultConfigurationName = Release;
		};
		0B888DAE2B0A345D00672CC2 /* Build configuration list for PBXNativeTarget "RepoWatcher" */ = {
			isa = XCConfigurationList;
			buildConfigurations = (
				0B888DAF2B0A345D00672CC2 /* Debug */,
				0B888DB02B0A345D00672CC2 /* Release */,
			);
			defaultConfigurationIsVisible = 0;
			defaultConfigurationName = Release;
		};
		0B888DC62B0A348D00672CC2 /* Build configuration list for PBXNativeTarget "RepoWatcherWidgetExtension" */ = {
			isa = XCConfigurationList;
			buildConfigurations = (
				0B888DC72B0A348D00672CC2 /* Debug */,
				0B888DC82B0A348D00672CC2 /* Release */,
			);
			defaultConfigurationIsVisible = 0;
			defaultConfigurationName = Release;
		};
/* End XCConfigurationList section */
	};
	rootObject = 0B888D982B0A345C00672CC2 /* Project object */;
}
